github.com/gethinode/hinode/v3 v3.21.1 h1:BJVpt+RqVOGyWNJS2XdYJSvt0oFTT7+Hf3UHiWwPRmM=
github.com/gethinode/hinode/v3 v3.21.1/go.mod h1:9yBDgansb+wj1ingsqt2odSS8NMY+iRglICyLLgkIjo=
github.com/gethinode/mod-blocks/v2 v2.4.0 h1:LjgEpU314lUPMpq63B/rWTUBzWTKTHDk1QSpPpADGJc=
github.com/gethinode/mod-blocks/v2 v2.4.0/go.mod h1:bgbPL/PJzDFyvLcx7bd5uVJkkBDqFd0wZvA4DqqIdXs=
